// !$*UTF8*$!
{
	archiveVersion = 1;
	classes = {
	};
	objectVersion = 46;
	objects = {

/* Begin PBXBuildFile section */
		3047CF0A1D448E4900CC6328 /* libsqlite3.0.tbd in Frameworks */ = {isa = PBXBuildFile; fileRef = 3047CF091D448E4900CC6328 /* libsqlite3.0.tbd */; settings = {ATTRIBUTES = (Required, ); }; };
		DAFC9F701D431434008144B5 /* main.m in Sources */ = {isa = PBXBuildFile; fileRef = DAFC9F6F1D431434008144B5 /* main.m */; };
		DAFC9F731D431434008144B5 /* AppDelegate.m in Sources */ = {isa = PBXBuildFile; fileRef = DAFC9F721D431434008144B5 /* AppDelegate.m */; };
		DAFC9F7B1D431434008144B5 /* Assets.xcassets in Resources */ = {isa = PBXBuildFile; fileRef = DAFC9F7A1D431434008144B5 /* Assets.xcassets */; };
		DAFC9F7E1D431434008144B5 /* LaunchScreen.storyboard in Resources */ = {isa = PBXBuildFile; fileRef = DAFC9F7C1D431434008144B5 /* LaunchScreen.storyboard */; };
		DAFC9FAB1D431D59008144B5 /* User.m in Sources */ = {isa = PBXBuildFile; fileRef = DAFC9FAA1D431D59008144B5 /* User.m */; };
		DAFC9FAE1D431DF8008144B5 /* DataBaseManager.m in Sources */ = {isa = PBXBuildFile; fileRef = DAFC9FAD1D431DF8008144B5 /* DataBaseManager.m */; };
		DAFC9FB81D432B62008144B5 /* NewViewController.m in Sources */ = {isa = PBXBuildFile; fileRef = DAFC9FB61D432B62008144B5 /* NewViewController.m */; };
		DAFC9FB91D432B62008144B5 /* NewViewController.xib in Resources */ = {isa = PBXBuildFile; fileRef = DAFC9FB71D432B62008144B5 /* NewViewController.xib */; };
		DAFC9FBD1D432B78008144B5 /* LoginViewController.m in Sources */ = {isa = PBXBuildFile; fileRef = DAFC9FBB1D432B78008144B5 /* LoginViewController.m */; };
		DAFC9FBE1D432B78008144B5 /* LoginViewController.xib in Resources */ = {isa = PBXBuildFile; fileRef = DAFC9FBC1D432B78008144B5 /* LoginViewController.xib */; };
		DAFC9FC71D432EF8008144B5 /* UserViewController.m in Sources */ = {isa = PBXBuildFile; fileRef = DAFC9FC51D432EF8008144B5 /* UserViewController.m */; };
		DAFC9FC81D432EF8008144B5 /* UserViewController.xib in Resources */ = {isa = PBXBuildFile; fileRef = DAFC9FC61D432EF8008144B5 /* UserViewController.xib */; };
/* End PBXBuildFile section */

/* Begin PBXFileReference section */
		3047CF091D448E4900CC6328 /* libsqlite3.0.tbd */ = {isa = PBXFileReference; lastKnownFileType = "sourcecode.text-based-dylib-definition"; name = libsqlite3.0.tbd; path = usr/lib/libsqlite3.0.tbd; sourceTree = SDKROOT; };
		DAFC9F6B1D431434008144B5 /* Database.app */ = {isa = PBXFileReference; explicitFileType = wrapper.application; includeInIndex = 0; path = Database.app; sourceTree = BUILT_PRODUCTS_DIR; };
		DAFC9F6F1D431434008144B5 /* main.m */ = {isa = PBXFileReference; lastKnownFileType = sourcecode.c.objc; path = main.m; sourceTree = "<group>"; };
		DAFC9F711D431434008144B5 /* AppDelegate.h */ = {isa = PBXFileReference; lastKnownFileType = sourcecode.c.h; path = AppDelegate.h; sourceTree = "<group>"; };
		DAFC9F721D431434008144B5 /* AppDelegate.m */ = {isa = PBXFileReference; lastKnownFileType = sourcecode.c.objc; path = AppDelegate.m; sourceTree = "<group>"; };
		DAFC9F7A1D431434008144B5 /* Assets.xcassets */ = {isa = PBXFileReference; lastKnownFileType = folder.assetcatalog; path = Assets.xcassets; sourceTree = "<group>"; };
		DAFC9F7D1D431434008144B5 /* Base */ = {isa = PBXFileReference; lastKnownFileType = file.storyboard; name = Base; path = Base.lproj/LaunchScreen.storyboard; sourceTree = "<group>"; };
		DAFC9F7F1D431434008144B5 /* Info.plist */ = {isa = PBXFileReference; lastKnownFileType = text.plist.xml; path = Info.plist; sourceTree = "<group>"; };
		DAFC9FA91D431D59008144B5 /* User.h */ = {isa = PBXFileReference; fileEncoding = 4; lastKnownFileType = sourcecode.c.h; path = User.h; sourceTree = "<group>"; };
		DAFC9FAA1D431D59008144B5 /* User.m */ = {isa = PBXFileReference; fileEncoding = 4; lastKnownFileType = sourcecode.c.objc; path = User.m; sourceTree = "<group>"; };
		DAFC9FAC1D431DF8008144B5 /* DataBaseManager.h */ = {isa = PBXFileReference; fileEncoding = 4; lastKnownFileType = sourcecode.c.h; name = DataBaseManager.h; path = ../DataBaseManager.h; sourceTree = "<group>"; };
		DAFC9FAD1D431DF8008144B5 /* DataBaseManager.m */ = {isa = PBXFileReference; fileEncoding = 4; lastKnownFileType = sourcecode.c.objc; name = DataBaseManager.m; path = ../DataBaseManager.m; sourceTree = "<group>"; };
		DAFC9FB51D432B62008144B5 /* NewViewController.h */ = {isa = PBXFileReference; fileEncoding = 4; lastKnownFileType = sourcecode.c.h; name = NewViewController.h; path = ../NewViewController.h; sourceTree = "<group>"; };
		DAFC9FB61D432B62008144B5 /* NewViewController.m */ = {isa = PBXFileReference; fileEncoding = 4; lastKnownFileType = sourcecode.c.objc; name = NewViewController.m; path = ../NewViewController.m; sourceTree = "<group>"; };
		DAFC9FB71D432B62008144B5 /* NewViewController.xib */ = {isa = PBXFileReference; fileEncoding = 4; lastKnownFileType = file.xib; name = NewViewController.xib; path = ../NewViewController.xib; sourceTree = "<group>"; };
		DAFC9FBA1D432B78008144B5 /* LoginViewController.h */ = {isa = PBXFileReference; fileEncoding = 4; lastKnownFileType = sourcecode.c.h; name = LoginViewController.h; path = ../LoginViewController.h; sourceTree = "<group>"; };
		DAFC9FBB1D432B78008144B5 /* LoginViewController.m */ = {isa = PBXFileReference; fileEncoding = 4; lastKnownFileType = sourcecode.c.objc; name = LoginViewController.m; path = ../LoginViewController.m; sourceTree = "<group>"; };
		DAFC9FBC1D432B78008144B5 /* LoginViewController.xib */ = {isa = PBXFileReference; fileEncoding = 4; lastKnownFileType = file.xib; name = LoginViewController.xib; path = ../LoginViewController.xib; sourceTree = "<group>"; };
		DAFC9FC41D432EF8008144B5 /* UserViewController.h */ = {isa = PBXFileReference; fileEncoding = 4; lastKnownFileType = sourcecode.c.h; name = UserViewController.h; path = ../UserViewController.h; sourceTree = "<group>"; };
		DAFC9FC51D432EF8008144B5 /* UserViewController.m */ = {isa = PBXFileReference; fileEncoding = 4; lastKnownFileType = sourcecode.c.objc; name = UserViewController.m; path = ../UserViewController.m; sourceTree = "<group>"; };
		DAFC9FC61D432EF8008144B5 /* UserViewController.xib */ = {isa = PBXFileReference; fileEncoding = 4; lastKnownFileType = file.xib; name = UserViewController.xib; path = ../UserViewController.xib; sourceTree = "<group>"; };
/* End PBXFileReference section */

/* Begin PBXFrameworksBuildPhase section */
		DAFC9F681D431434008144B5 /* Frameworks */ = {
			isa = PBXFrameworksBuildPhase;
			buildActionMask = 2147483647;
			files = (
				3047CF0A1D448E4900CC6328 /* libsqlite3.0.tbd in Frameworks */,
			);
			runOnlyForDeploymentPostprocessing = 0;
		};
/* End PBXFrameworksBuildPhase section */

/* Begin PBXGroup section */
		DAFC9F621D431434008144B5 = {
			isa = PBXGroup;
			children = (
				3047CF091D448E4900CC6328 /* libsqlite3.0.tbd */,
				DAFC9F6D1D431434008144B5 /* Database */,
				DAFC9F6C1D431434008144B5 /* Products */,
			);
			sourceTree = "<group>";
		};
		DAFC9F6C1D431434008144B5 /* Products */ = {
			isa = PBXGroup;
			children = (
				DAFC9F6B1D431434008144B5 /* Database.app */,
			);
			name = Products;
			sourceTree = "<group>";
		};
		DAFC9F6D1D431434008144B5 /* Database */ = {
			isa = PBXGroup;
			children = (
				DAFC9F711D431434008144B5 /* AppDelegate.h */,
				DAFC9F721D431434008144B5 /* AppDelegate.m */,
				DAFC9FC41D432EF8008144B5 /* UserViewController.h */,
				DAFC9FC51D432EF8008144B5 /* UserViewController.m */,
				DAFC9FC61D432EF8008144B5 /* UserViewController.xib */,
				DAFC9FB51D432B62008144B5 /* NewViewController.h */,
				DAFC9FB61D432B62008144B5 /* NewViewController.m */,
				DAFC9FB71D432B62008144B5 /* NewViewController.xib */,
				DAFC9FBA1D432B78008144B5 /* LoginViewController.h */,
				DAFC9FBB1D432B78008144B5 /* LoginViewController.m */,
				DAFC9FBC1D432B78008144B5 /* LoginViewController.xib */,
				DAFC9FAC1D431DF8008144B5 /* DataBaseManager.h */,
				DAFC9FAD1D431DF8008144B5 /* DataBaseManager.m */,
				DAFC9FA91D431D59008144B5 /* User.h */,
				DAFC9FAA1D431D59008144B5 /* User.m */,
				DAFC9F7A1D431434008144B5 /* Assets.xcassets */,
				DAFC9F7C1D431434008144B5 /* LaunchScreen.storyboard */,
				DAFC9F7F1D431434008144B5 /* Info.plist */,
				DAFC9F6E1D431434008144B5 /* Supporting Files */,
			);
			path = Database;
			sourceTree = "<group>";
		};
		DAFC9F6E1D431434008144B5 /* Supporting Files */ = {
			isa = PBXGroup;
			children = (
				DAFC9F6F1D431434008144B5 /* main.m */,
			);
			name = "Supporting Files";
			sourceTree = "<group>";
		};
/* End PBXGroup section */

/* Begin PBXNativeTarget section */
		DAFC9F6A1D431434008144B5 /* Database */ = {
			isa = PBXNativeTarget;
			buildConfigurationList = DAFC9F821D431434008144B5 /* Build configuration list for PBXNativeTarget "Database" */;
			buildPhases = (
				DAFC9F671D431434008144B5 /* Sources */,
				DAFC9F681D431434008144B5 /* Frameworks */,
				DAFC9F691D431434008144B5 /* Resources */,
			);
			buildRules = (
			);
			dependencies = (
			);
			name = Database;
			productName = Database;
			productReference = DAFC9F6B1D431434008144B5 /* Database.app */;
			productType = "com.apple.product-type.application";
		};
/* End PBXNativeTarget section */

/* Begin PBXProject section */
		DAFC9F631D431434008144B5 /* Project object */ = {
			isa = PBXProject;
			attributes = {
				LastUpgradeCheck = 0710;
				ORGANIZATIONNAME = XSj;
				TargetAttributes = {
					DAFC9F6A1D431434008144B5 = {
						CreatedOnToolsVersion = 7.1;
					};
				};
			};
			buildConfigurationList = DAFC9F661D431434008144B5 /* Build configuration list for PBXProject "Database" */;
			compatibilityVersion = "Xcode 3.2";
			developmentRegion = English;
			hasScannedForEncodings = 0;
			knownRegions = (
				en,
				Base,
			);
			mainGroup = DAFC9F621D431434008144B5;
			productRefGroup = DAFC9F6C1D431434008144B5 /* Products */;
			projectDirPath = "";
			projectRoot = "";
			targets = (
				DAFC9F6A1D431434008144B5 /* Database */,
			);
		};
/* End PBXProject section */

/* Begin PBXResourcesBuildPhase section */
		DAFC9F691D431434008144B5 /* Resources */ = {
			isa = PBXResourcesBuildPhase;
			buildActionMask = 2147483647;
			files = (
				DAFC9FBE1D432B78008144B5 /* LoginViewController.xib in Resources */,
				DAFC9FC81D432EF8008144B5 /* UserViewController.xib in Resources */,
				DAFC9F7E1D431434008144B5 /* LaunchScreen.storyboard in Resources */,
				DAFC9F7B1D431434008144B5 /* Assets.xcassets in Resources */,
				DAFC9FB91D432B62008144B5 /* NewViewController.xib in Resources */,
			);
			runOnlyForDeploymentPostprocessing = 0;
		};
/* End PBXResourcesBuildPhase section */

/* Begin PBXSourcesBuildPhase section */
		DAFC9F671D431434008144B5 /* Sources */ = {
			isa = PBXSourcesBuildPhase;
			buildActionMask = 2147483647;
			files = (
				DAFC9FC71D432EF8008144B5 /* UserViewController.m in Sources */,
				DAFC9FAB1D431D59008144B5 /* User.m in Sources */,
				DAFC9F731D431434008144B5 /* AppDelegate.m in Sources */,
				DAFC9FB81D432B62008144B5 /* NewViewController.m in Sources */,
				DAFC9FBD1D432B78008144B5 /* LoginViewController.m in Sources */,
				DAFC9F701D431434008144B5 /* main.m in Sources */,
				DAFC9FAE1D431DF8008144B5 /* DataBaseManager.m in Sources */,
			);
			runOnlyForDeploymentPostprocessing = 0;
		};
/* End PBXSourcesBuildPhase section */

/* Begin PBXVariantGroup section */
		DAFC9F7C1D431434008144B5 /* LaunchScreen.storyboard */ = {
			isa = PBXVariantGroup;
			children = (
				DAFC9F7D1D431434008144B5 /* Base */,
			);
			name = LaunchScreen.storyboard;
			sourceTree = "<group>";
		};
/* End PBXVariantGroup section */

/* Begin XCBuildConfiguration section */
		DAFC9F801D431434008144B5 /* Debug */ = {
			isa = XCBuildConfiguration;
			buildSettings = {
				ALWAYS_SEARCH_USER_PATHS = NO;
				CLANG_CXX_LANGUAGE_STANDARD = "gnu++0x";
				CLANG_CXX_LIBRARY = "libc++";
				CLANG_ENABLE_MODULES = YES;
				CLANG_ENABLE_OBJC_ARC = YES;
				CLANG_WARN_BOOL_CONVERSION = YES;
				CLANG_WARN_CONSTANT_CONVERSION = YES;
				CLANG_WARN_DIRECT_OBJC_ISA_USAGE = YES_ERROR;
				CLANG_WARN_EMPTY_BODY = YES;
				CLANG_WARN_ENUM_CONVERSION = YES;
				CLANG_WARN_INT_CONVERSION = YES;
				CLANG_WARN_OBJC_ROOT_CLASS = YES_ERROR;
				CLANG_WARN_UNREACHABLE_CODE = YES;
				CLANG_WARN__DUPLICATE_METHOD_MATCH = YES;
				"CODE_SIGN_IDENTITY[sdk=iphoneos*]" = "iPhone Developer";
				COPY_PHASE_STRIP = NO;
				DEBUG_INFORMATION_FORMAT = dwarf;
				ENABLE_STRICT_OBJC_MSGSEND = YES;
				ENABLE_TESTABILITY = YES;
				GCC_C_LANGUAGE_STANDARD = gnu99;
				GCC_DYNAMIC_NO_PIC = NO;
				GCC_NO_COMMON_BLOCKS = YES;
				GCC_OPTIMIZATION_LEVEL = 0;
				GCC_PREPROCESSOR_DEFINITIONS = (
					"DEBUG=1",
					"$(inherited)",
				);
				GCC_WARN_64_TO_32_BIT_CONVERSION = YES;
				GCC_WARN_ABOUT_RETURN_TYPE = YES_ERROR;
				GCC_WARN_UNDECLARED_SELECTOR = YES;
				GCC_WARN_UNINITIALIZED_AUTOS = YES_AGGRESSIVE;
				GCC_WARN_UNUSED_FUNCTION = YES;
				GCC_WARN_UNUSED_VARIABLE = YES;
				IPHONEOS_DEPLOYMENT_TARGET = 9.1;
				MTL_ENABLE_DEBUG_INFO = YES;
				ONLY_ACTIVE_ARCH = YES;
				SDKROOT = iphoneos;
			};
			name = Debug;
		};
		DAFC9F811D431434008144B5 /* Release */ = {
			isa = XCBuildConfiguration;
			buildSettings = {
				ALWAYS_SEARCH_USER_PATHS = NO;
				CLANG_CXX_LANGUAGE_STANDARD = "gnu++0x";
				CLANG_CXX_LIBRARY = "libc++";
				CLANG_ENABLE_MODULES = YES;
				CLANG_ENABLE_OBJC_ARC = YES;
				CLANG_WARN_BOOL_CONVERSION = YES;
				CLANG_WARN_CONSTANT_CONVERSION = YES;
				CLANG_WARN_DIRECT_OBJC_ISA_USAGE = YES_ERROR;
				CLANG_WARN_EMPTY_BODY = YES;
				CLANG_WARN_ENUM_CONVERSION = YES;
				CLANG_WARN_INT_CONVERSION = YES;
				CLANG_WARN_OBJC_ROOT_CLASS = YES_ERROR;
				CLANG_WARN_UNREACHABLE_CODE = YES;
				CLANG_WARN__DUPLICATE_METHOD_MATCH = YES;
				"CODE_SIGN_IDENTITY[sdk=iphoneos*]" = "iPhone Developer";
				COPY_PHASE_STRIP = NO;
				DEBUG_INFORMATION_FORMAT = "dwarf-with-dsym";
				ENABLE_NS_ASSERTIONS = NO;
				ENABLE_STRICT_OBJC_MSGSEND = YES;
				GCC_C_LANGUAGE_STANDARD = gnu99;
				GCC_NO_COMMON_BLOCKS = YES;
				GCC_WARN_64_TO_32_BIT_CONVERSION = YES;
				GCC_WARN_ABOUT_RETURN_TYPE = YES_ERROR;
				GCC_WARN_UNDECLARED_SELECTOR = YES;
				GCC_WARN_UNINITIALIZED_AUTOS = YES_AGGRESSIVE;
				GCC_WARN_UNUSED_FUNCTION = YES;
				GCC_WARN_UNUSED_VARIABLE = YES;
				IPHONEOS_DEPLOYMENT_TARGET = 9.1;
				MTL_ENABLE_DEBUG_INFO = NO;
				SDKROOT = iphoneos;
				VALIDATE_PRODUCT = YES;
			};
			name = Release;
		};
		DAFC9F831D431434008144B5 /* Debug */ = {
			isa = XCBuildConfiguration;
			buildSettings = {
				ASSETCATALOG_COMPILER_APPICON_NAME = AppIcon;
				INFOPLIST_FILE = Database/Info.plist;
				LD_RUNPATH_SEARCH_PATHS = "$(inherited) @executable_path/Frameworks";
				PRODUCT_BUNDLE_IDENTIFIER = com.xxx.Database;
				PRODUCT_NAME = "$(TARGET_NAME)";
			};
			name = Debug;
		};
		DAFC9F841D431434008144B5 /* Release */ = {
			isa = XCBuildConfiguration;
			buildSettings = {
				ASSETCATALOG_COMPILER_APPICON_NAME = AppIcon;
				INFOPLIST_FILE = Database/Info.plist;
				LD_RUNPATH_SEARCH_PATHS = "$(inherited) @executable_path/Frameworks";
				PRODUCT_BUNDLE_IDENTIFIER = com.xxx.Database;
				PRODUCT_NAME = "$(TARGET_NAME)";
			};
			name = Release;
		};
/* End XCBuildConfiguration section */

/* Begin XCConfigurationList section */
		DAFC9F661D431434008144B5 /* Build configuration list for PBXProject "Database" */ = {
			isa = XCConfigurationList;
			buildConfigurations = (
				DAFC9F801D431434008144B5 /* Debug */,
				DAFC9F811D431434008144B5 /* Release */,
			);
			defaultConfigurationIsVisible = 0;
			defaultConfigurationName = Release;
		};
		DAFC9F821D431434008144B5 /* Build configuration list for PBXNativeTarget "Database" */ = {
			isa = XCConfigurationList;
			buildConfigurations = (
				DAFC9F831D431434008144B5 /* Debug */,
				DAFC9F841D431434008144B5 /* Release */,
			);
			defaultConfigurationIsVisible = 0;
			defaultConfigurationName = Release;
		};
/* End XCConfigurationList section */
	};
	rootObject = DAFC9F631D431434008144B5 /* Project object */;
}
